
Microsoft Visual Studio Solution File, Format Version 12.00
# Visual Studio 15
VisualStudioVersion = 15.0.27130.2020
MinimumVisualStudioVersion = 10.0.40219.1
Project("{FAE04EC0-301F-11D3-BF4B-00C04F79EFBC}") = "Charity Marathon", "Charity Marathon\Charity Marathon.csproj", "{657E67EC-E7E6-4152-92EA-E5D4D044265B}"
EndProject
Project("{FAE04EC0-301F-11D3-BF4B-00C04F79EFBC}") = "Ladybugs", "..\Ladybugs\Ladybugs.csproj", "{F796C7CB-2D4C-4464-88C5-93F2AE3306FE}"
EndProject
Project("{FAE04EC0-301F-11D3-BF4B-00C04F79EFBC}") = "Nether Realms", "..\Nether Realms\Nether Realms.csproj", "{A9FEF842-CDD8-4DDF-9D86-AF83D8CF368A}"
EndProject
Project("{FAE04EC0-301F-11D3-BF4B-00C04F79EFBC}") = "Roli The Coder", "..\Roli The Coder\Roli The Coder\Roli The Coder.csproj", "{82A15AC1-E49C-4F68-BCDF-C645685B79F9}"
EndProject
Global
	GlobalSection(SolutionConfigurationPlatforms) = preSolution
		Debug|Any CPU = Debug|Any CPU
		Release|Any CPU = Release|Any CPU
	EndGlobalSection
	GlobalSection(ProjectConfigurationPlatforms) = postSolution
		{657E67EC-E7E6-4152-92EA-E5D4D044265B}.Debug|Any CPU.ActiveCfg = Debug|Any CPU
		{657E67EC-E7E6-4152-92EA-E5D4D044265B}.Debug|Any CPU.Build.0 = Debug|Any CPU
		{657E67EC-E7E6-4152-92EA-E5D4D044265B}.Release|Any CPU.ActiveCfg = Release|Any CPU
		{657E67EC-E7E6-4152-92EA-E5D4D044265B}.Release|Any CPU.Build.0 = Release|Any CPU
		{F796C7CB-2D4C-4464-88C5-93F2AE3306FE}.Debug|Any CPU.ActiveCfg = Debug|Any CPU
		{F796C7CB-2D4C-4464-88C5-93F2AE3306FE}.Debug|Any CPU.Build.0 = Debug|Any CPU
		{F796C7CB-2D4C-4464-88C5-93F2AE3306FE}.Release|Any CPU.ActiveCfg = Release|Any CPU
		{F796C7CB-2D4C-4464-88C5-93F2AE3306FE}.Release|Any CPU.Build.0 = Release|Any CPU
		{A9FEF842-CDD8-4DDF-9D86-AF83D8CF368A}.Debug|Any CPU.ActiveCfg = Debug|Any CPU
		{A9FEF842-CDD8-4DDF-9D86-AF83D8CF368A}.Debug|Any CPU.Build.0 = Debug|Any CPU
		{A9FEF842-CDD8-4DDF-9D86-AF83D8CF368A}.Release|Any CPU.ActiveCfg = Release|Any CPU
		{A9FEF842-CDD8-4DDF-9D86-AF83D8CF368A}.Release|Any CPU.Build.0 = Release|Any CPU
		{82A15AC1-E49C-4F68-BCDF-C645685B79F9}.Debug|Any CPU.ActiveCfg = Debug|Any CPU
		{82A15AC1-E49C-4F68-BCDF-C645685B79F9}.Debug|Any CPU.Build.0 = Debug|Any CPU
		{82A15AC1-E49C-4F68-BCDF-C645685B79F9}.Release|Any CPU.ActiveCfg = Release|Any CPU
		{82A15AC1-E49C-4F68-BCDF-C645685B79F9}.Release|Any CPU.Build.0 = Release|Any CPU
	EndGlobalSection
	GlobalSection(SolutionProperties) = preSolution
		HideSolutionNode = FALSE
	EndGlobalSection
	GlobalSection(ExtensibilityGlobals) = postSolution
		SolutionGuid = {CE50BC6F-9CFD-4FE8-895A-03B0BC2235F9}
	EndGlobalSection
EndGlobal
